
Microsoft Visual Studio Solution File, Format Version 12.00
# Visual Studio 15
VisualStudioVersion = 15.0.26430.16
MinimumVisualStudioVersion = 10.0.40219.1
Project("{FAE04EC0-301F-11D3-BF4B-00C04F79EFBC}") = "Lesson3_1", "Lesson3\Lesson3_1.csproj", "{C0C8F12B-6C0A-4411-B7B0-B9F0EBBFDFCB}"
EndProject
Project("{FAE04EC0-301F-11D3-BF4B-00C04F79EFBC}") = "Lesson3_2", "Lesson3_2\Lesson3_2.csproj", "{43BE1791-3109-4CB8-BCD0-4C1090C8287D}"
EndProject
Global
	GlobalSection(SolutionConfigurationPlatforms) = preSolution
		Debug|Any CPU = Debug|Any CPU
		Release|Any CPU = Release|Any CPU
	EndGlobalSection
	GlobalSection(ProjectConfigurationPlatforms) = postSolution
		{C0C8F12B-6C0A-4411-B7B0-B9F0EBBFDFCB}.Debug|Any CPU.ActiveCfg = Debug|Any CPU
		{C0C8F12B-6C0A-4411-B7B0-B9F0EBBFDFCB}.Debug|Any CPU.Build.0 = Debug|Any CPU
		{C0C8F12B-6C0A-4411-B7B0-B9F0EBBFDFCB}.Release|Any CPU.ActiveCfg = Release|Any CPU
		{C0C8F12B-6C0A-4411-B7B0-B9F0EBBFDFCB}.Release|Any CPU.Build.0 = Release|Any CPU
		{43BE1791-3109-4CB8-BCD0-4C1090C8287D}.Debug|Any CPU.ActiveCfg = Debug|Any CPU
		{43BE1791-3109-4CB8-BCD0-4C1090C8287D}.Debug|Any CPU.Build.0 = Debug|Any CPU
		{43BE1791-3109-4CB8-BCD0-4C1090C8287D}.Release|Any CPU.ActiveCfg = Release|Any CPU
		{43BE1791-3109-4CB8-BCD0-4C1090C8287D}.Release|Any CPU.Build.0 = Release|Any CPU
	EndGlobalSection
	GlobalSection(SolutionProperties) = preSolution
		HideSolutionNode = FALSE
	EndGlobalSection
EndGlobal
